
Microsoft Visual Studio Solution File, Format Version 12.00
# Visual Studio Version 16
VisualStudioVersion = 16.0.31702.278
MinimumVisualStudioVersion = 10.0.40219.1
Project("{FAE04EC0-301F-11D3-BF4B-00C04F79EFBC}") = "Sınav_Bilge_Kahve_Evi", "Sınav_Bilge_Kahve_Evi\Sınav_Bilge_Kahve_Evi.csproj", "{5C231EC8-E18B-4359-A996-4FFAA291E705}"
EndProject
Global
	GlobalSection(SolutionConfigurationPlatforms) = preSolution
		Debug|Any CPU = Debug|Any CPU
		Release|Any CPU = Release|Any CPU
	EndGlobalSection
	GlobalSection(ProjectConfigurationPlatforms) = postSolution
		{5C231EC8-E18B-4359-A996-4FFAA291E705}.Debug|Any CPU.ActiveCfg = Debug|Any CPU
		{5C231EC8-E18B-4359-A996-4FFAA291E705}.Debug|Any CPU.Build.0 = Debug|Any CPU
		{5C231EC8-E18B-4359-A996-4FFAA291E705}.Release|Any CPU.ActiveCfg = Release|Any CPU
		{5C231EC8-E18B-4359-A996-4FFAA291E705}.Release|Any CPU.Build.0 = Release|Any CPU
	EndGlobalSection
	GlobalSection(SolutionProperties) = preSolution
		HideSolutionNode = FALSE
	EndGlobalSection
	GlobalSection(ExtensibilityGlobals) = postSolution
		SolutionGuid = {EF68B847-F177-4195-BCDA-C1AE10DCD855}
	EndGlobalSection
EndGlobal
